github.com/aerth/playwav v0.0.0-20170324024803-17dfe21a406f h1:zVJPljmc1wuNQNioCuhN051FD0URn1MP5KvxoozJDus=
github.com/aerth/playwav v0.0.0-20170324024803-17dfe21a406f/go.mod h1:aTANbm/GXj1ilCRMsIiSpX0i7LUkqjAPj6R0fpWbLNA=
github.com/cocoonlife/goalsa v0.0.0-20160812085113-b711ae6f3eff h1:lzYv33TtN2HYFu6EwXE+IZb+P73rYlnZc7p6Ey0lAMs=
github.com/cocoonlife/goalsa v0.0.0-20160812085113-b711ae6f3eff/go.mod h1:5aLO409bJnd+jCw0t/SB/DhHkVBhPAE31lnHJnYQxy0=
github.com/cryptix/wav v0.0.0-20180415113528-8bdace674401 h1:rZ+OHHkwlkYALTEd6AYXSL92K/SEc4fkz+TfweIwu6A=
github.com/cryptix/wav v0.0.0-20180415113528-8bdace674401/go.mod h1:knK8fd+KPlGGqSUWogv1DQzGTwnfUvAi0cIoWyOG7+U=
github.com/felixge/httpsnoop v1.0.1 h1:lvB5Jl89CsZtGIWuTcDM1E/vkVs49/Ml7JJe07l8SPQ=
github.com/felixge/httpsnoop v1.0.1/go.mod h1:m8KPJKqk1gH5J9DgRY2ASl2lWCfGKXixSwevea8zH2U=
github.com/flosch/pongo2 v0.0.0-20200913210552-0d938eb266f3 h1:fmFk0Wt3bBxxwZnu48jqMdaOR/IZ4vdtJFuaFV8MpIE=
github.com/flosch/pongo2 v0.0.0-20200913210552-0d938eb266f3/go.mod h1:bJWSKrZyQvfTnb2OudyUjurSG4/edverV7n82+K3JiM=
github.com/gordonklaus/portaudio v0.0.0-20200911161147-bb74aa485641 h1:B7ADnac3Yy6Vtcp2mstnsjUtarYcjy4AL0R6eNEhZAk=
github.com/gordonklaus/portaudio v0.0.0-20200911161147-bb74aa485641/go.mod h1:HfYnZi/ARQKG0dwH5HNDmPCHdLiFiBf+SI7DbhW7et4=
github.com/gorilla/handlers v1.5.1 h1:9lRY6j8DEeeBT10CvO9hGW0gmky0BprnvDI5vfhUHH4=
github.com/gorilla/handlers v1.5.1/go.mod h1:t8XrUpc4KVXb7HGyJ4/cEnwQiaxrX/hz1Zv/4g96P1Q=
github.com/gorilla/mux v1.8.0 h1:i40aqfkR1h2SlN9hojwV5ZA91wcXFOvkdNIeFDP5koI=
github.com/gorilla/mux v1.8.0/go.mod h1:DVbg23sWSpFRCP0SfiEN6jmj59UnW/n46BH5rLB71So=
github.com/kr/pty v1.1.1/go.mod h1:pFQYn66WHrOpPYNljwOMqo10TkYh1fy3cYio2l3bCsQ=
github.com/kr/text v0.1.0/go.mod h1:4Jbv+DJW3UT/LiOwJeYQe1efqtUx/iVham/4vfdArNI=
github.com/niemeyer/pretty v0.0.0-20200227124842-a10e7caefd8e/go.mod h1:zD1mROLANZcx1PVRCS0qkT7pwLkGfwJo4zjcN/Tysno=
gopkg.in/check.v1 v1.0.0-20200902074654-038fdea0a05b/go.mod h1:Co6ibVJAznAaIkqp8huTwlJQCZ016jof/cbN4VW5Yz0=
